<?xml version="1.0" encoding="utf-8"?>
<Project ToolsVersion="4.0" xmlns="http://schemas.microsoft.com/developer/msbuild/2003">
  <ItemGroup>
    <Filter Include="Source Files">
      <UniqueIdentifier>{c4c8edcb-f593-4577-b817-1a662e85108c}</UniqueIdentifier>
      <Extensions>cpp;c;cxx;def;odl;idl;hpj;bat;asm</Extensions>
    </Filter>
    <Filter Include="Header Files">
      <UniqueIdentifier>{b73164e5-3a96-4d63-ac22-8555d8d1b767}</UniqueIdentifier>
      <Extensions>h;hpp;hxx;hm;inl;inc</Extensions>
    </Filter>
    <Filter Include="Resource Files">
      <UniqueIdentifier>{1bc56878-b36f-4f28-b5de-ca361f4b2f12}</UniqueIdentifier>
      <Extensions>rc;ico;cur;bmp;dlg;rc2;rct;bin;rgs;jpg;jpeg;jpe;manifest</Extensions>
    </Filter>
  </ItemGroup>
  <ItemGroup>
    <ClCompile Include="stdafx.cpp">
      <Filter>Source Files</Filter>
    </ClCompile>
    <ClCompile Include="shapes\abstractnode.cpp">
      <Filter>Source Files</Filter>
    </ClCompile>
    <ClCompile Include="shapes\ellipsenode.cpp">
      <Filter>Source Files</Filter>
    </ClCompile>
    <ClCompile Include="shapes\json11.cpp">
      <Filter>Source Files</Filter>
    </ClCompile>
    <ClCompile Include="shapes\rectanglenode.cpp">
      <Filter>Source Files</Filter>
    </ClCompile>
    <ClCompile Include="shapes\shapecommand.cpp">
      <Filter>Source Files</Filter>
    </ClCompile>
    <ClCompile Include="shapes\shapesscene.cpp">
      <Filter>Source Files</Filter>
    </ClCompile>
    <ClCompile Include="shapes\trianglenode.cpp">
      <Filter>Source Files</Filter>
    </ClCompile>
    <ClCompile Include="ui\CustomDialogs.cpp">
      <Filter>Source Files</Filter>
    </ClCompile>
    <ClCompile Include="ui\iSpringExamView.cpp">
      <Filter>Source Files</Filter>
    </ClCompile>
    <ClCompile Include="ui\ShapeEditFrame.cpp">
      <Filter>Source Files</Filter>
    </ClCompile>
    <ClCompile Include="ui\MainFrm.cpp">
      <Filter>Source Files</Filter>
    </ClCompile>
    <ClCompile Include="ui\AboutDlg.cpp">
      <Filter>Source Files</Filter>
    </ClCompile>
    <ClCompile Include="main.cpp">
      <Filter>Source Files</Filter>
    </ClCompile>
    <ClCompile Include="ui\BackBuffer.cpp">
      <Filter>Source Files</Filter>
    </ClCompile>
  </ItemGroup>
  <ItemGroup>
    <ClInclude Include="stdafx.h">
      <Filter>Header Files</Filter>
    </ClInclude>
    <ClInclude Include="resource.h">
      <Filter>Header Files</Filter>
    </ClInclude>
    <ClInclude Include="Ribbon.h">
      <Filter>Header Files</Filter>
    </ClInclude>
    <ClInclude Include="shapes\abstractnode.h">
      <Filter>Header Files</Filter>
    </ClInclude>
    <ClInclude Include="shapes\ellipsenode.h">
      <Filter>Header Files</Filter>
    </ClInclude>
    <ClInclude Include="math\geometry.h">
      <Filter>Header Files</Filter>
    </ClInclude>
    <ClInclude Include="math\mat3.h">
      <Filter>Header Files</Filter>
    </ClInclude>
    <ClInclude Include="math\mat4.h">
      <Filter>Header Files</Filter>
    </ClInclude>
    <ClInclude Include="math\quat.h">
      <Filter>Header Files</Filter>
    </ClInclude>
    <ClInclude Include="math\rectangle.h">
      <Filter>Header Files</Filter>
    </ClInclude>
    <ClInclude Include="math\vec4.h">
      <Filter>Header Files</Filter>
    </ClInclude>
    <ClInclude Include="shapes\trianglenode.h">
      <Filter>Header Files</Filter>
    </ClInclude>
    <ClInclude Include="math\vec2.h">
      <Filter>Header Files</Filter>
    </ClInclude>
    <ClInclude Include="math\vec3.h">
      <Filter>Header Files</Filter>
    </ClInclude>
    <ClInclude Include="shapes\shapesscene.h">
      <Filter>Header Files</Filter>
    </ClInclude>
    <ClInclude Include="shapes\shapecommand.h">
      <Filter>Header Files</Filter>
    </ClInclude>
    <ClInclude Include="shapes\rectanglenode.h">
      <Filter>Header Files</Filter>
    </ClInclude>
    <ClInclude Include="shapes\json11.hpp">
      <Filter>Header Files</Filter>
    </ClInclude>
    <ClInclude Include="ui\CustomDialogs.h">
      <Filter>Header Files</Filter>
    </ClInclude>
    <ClInclude Include="ui\iSpringExamView.h">
      <Filter>Header Files</Filter>
    </ClInclude>
    <ClInclude Include="ui\ShapeEditFrame.h">
      <Filter>Header Files</Filter>
    </ClInclude>
    <ClInclude Include="ui\MainFrm.h">
      <Filter>Header Files</Filter>
    </ClInclude>
    <ClInclude Include="ui\AboutDlg.h">
      <Filter>Header Files</Filter>
    </ClInclude>
    <ClInclude Include="ui\BackBuffer.h">
      <Filter>Header Files</Filter>
    </ClInclude>
  </ItemGroup>
  <ItemGroup>
    <ResourceCompile Include="iSpringExam.rc">
      <Filter>Resource Files</Filter>
    </ResourceCompile>
  </ItemGroup>
  <ItemGroup>
    <Image Include="res\toolbar.bmp">
      <Filter>Resource Files</Filter>
    </Image>
    <Image Include="res\iSpringExam.ico">
      <Filter>Resource Files</Filter>
    </Image>
    <Image Include="res\button-ellipse.bmp">
      <Filter>Resource Files</Filter>
    </Image>
    <Image Include="res\button-rectangle.bmp">
      <Filter>Resource Files</Filter>
    </Image>
    <Image Include="res\button-triangle.bmp">
      <Filter>Resource Files</Filter>
    </Image>
  </ItemGroup>
  <ItemGroup>
    <CustomBuild Include="Ribbon.xml" />
  </ItemGroup>
</Project>